
Microsoft Visual Studio Solution File, Format Version 12.00
# Visual Studio 15
VisualStudioVersion = 15.0.28307.102
MinimumVisualStudioVersion = 10.0.40219.1
Project("{FAE04EC0-301F-11D3-BF4B-00C04F79EFBC}") = "Bases_Progra_3", "Bases_Progra_3\Bases_Progra_3.csproj", "{5141853C-E605-4ADB-839D-B15C9B4F6305}"
EndProject
Global
	GlobalSection(SolutionConfigurationPlatforms) = preSolution
		Debug|Any CPU = Debug|Any CPU
		Release|Any CPU = Release|Any CPU
	EndGlobalSection
	GlobalSection(ProjectConfigurationPlatforms) = postSolution
		{5141853C-E605-4ADB-839D-B15C9B4F6305}.Debug|Any CPU.ActiveCfg = Debug|Any CPU
		{5141853C-E605-4ADB-839D-B15C9B4F6305}.Debug|Any CPU.Build.0 = Debug|Any CPU
		{5141853C-E605-4ADB-839D-B15C9B4F6305}.Release|Any CPU.ActiveCfg = Release|Any CPU
		{5141853C-E605-4ADB-839D-B15C9B4F6305}.Release|Any CPU.Build.0 = Release|Any CPU
	EndGlobalSection
	GlobalSection(SolutionProperties) = preSolution
		HideSolutionNode = FALSE
	EndGlobalSection
	GlobalSection(ExtensibilityGlobals) = postSolution
		SolutionGuid = {B25DFDAA-BB7A-43D2-AF48-34E9EF36BCA3}
	EndGlobalSection
EndGlobal
